# Generated by buf. DO NOT EDIT.
version: v1
deps:
  - remote: buf.build
    owner: nvxx
    repository: protopatch
    commit: ef95e8420acb4e438d230a2f05895d78
    digest: shake256:6978f7fd2f9a303fef92469e6e71b31d5668bc389808c27077c0d3d285fa7ebcc736cb35ad08446e23161eb5cae1cd847ba5348627161aa241561193515e1c4d
